
Microsoft Visual Studio Solution File, Format Version 12.00
# Visual Studio Express 2012 for Windows Desktop
Project("{FAE04EC0-301F-11D3-BF4B-00C04F79EFBC}") = "TestWPF", "TestWPF\TestWPF.csproj", "{CEDA687A-C4EA-41B7-BD3B-0830E73955FD}"
EndProject
Project("{FAE04EC0-301F-11D3-BF4B-00C04F79EFBC}") = "CH01.CustomTypes", "CH01.CustomTypes\CH01.CustomTypes.csproj", "{2DF7C5FB-11F0-456F-B2BE-19D624E2A5AE}"
EndProject
Project("{FAE04EC0-301F-11D3-BF4B-00C04F79EFBC}") = "CH01.DependencyProperties", "CH01.DependencyProperties\CH01.DependencyProperties.csproj", "{EF46DD90-D757-422B-8496-BA78A8BE7A6C}"
EndProject
Project("{FAE04EC0-301F-11D3-BF4B-00C04F79EFBC}") = "CH01.SimpleAttached", "CH01.SimpleAttached\CH01.SimpleAttached.csproj", "{6B826DEB-6361-46E0-83E3-E69C7762D566}"
EndProject
Project("{FAE04EC0-301F-11D3-BF4B-00C04F79EFBC}") = "CH01.CustomAttached", "CH01.CustomAttached\CH01.CustomAttached.csproj", "{97BB210C-F06D-48BB-AF2C-21F506A72333}"
EndProject
Project("{FAE04EC0-301F-11D3-BF4B-00C04F79EFBC}") = "CH01.StaticProperties", "CH01.StaticProperties\CH01.StaticProperties.csproj", "{9A5127D9-9CA8-4116-A25A-B327350EDC59}"
EndProject
Project("{FAE04EC0-301F-11D3-BF4B-00C04F79EFBC}") = "CH01.CustomMarkupExtension", "CH01.CustomMarkupExtension\CH01.CustomMarkupExtension.csproj", "{69361F3B-756A-4F84-882D-CCB213DB8D22}"
EndProject
Project("{FAE04EC0-301F-11D3-BF4B-00C04F79EFBC}") = "CH01.CustomMarkupExtensionTest", "CH01.CustomMarkupExtensionTest\CH01.CustomMarkupExtensionTest.csproj", "{9F21940D-F4F5-4620-BC60-A8EBFA824AA4}"
EndProject
Project("{FAE04EC0-301F-11D3-BF4B-00C04F79EFBC}") = "CH01.SimpleDraw", "CH01.SimpleDraw\CH01.SimpleDraw.csproj", "{9DFC1335-2BDA-41C8-9148-666416F03C97}"
EndProject
Project("{FAE04EC0-301F-11D3-BF4B-00C04F79EFBC}") = "SampleCalculator", "SampleCalculator\SampleCalculator.csproj", "{CC71818B-6F25-4D10-AF11-4E91E798B9EE}"
EndProject
Project("{FAE04EC0-301F-11D3-BF4B-00C04F79EFBC}") = "CH02.SimpleSources", "CH02.SimpleSources\CH02.SimpleSources.csproj", "{F9DCF45B-A6AD-40EC-9ABF-3D95BB5F2164}"
EndProject
Project("{FAE04EC0-301F-11D3-BF4B-00C04F79EFBC}") = "CH02.DynamicVsStatic", "CH02.DynamicVsStatic\CH02.DynamicVsStatic.csproj", "{B74615E7-89E7-44A6-B36C-B49374343EDA}"
EndProject
Project("{FAE04EC0-301F-11D3-BF4B-00C04F79EFBC}") = "CH02.UserSelectedColorsFonts", "CH02.UserSelectedColorsFonts\CH02.UserSelectedColorsFonts.csproj", "{E072E17B-C6C5-40C6-89CA-C0283809B106}"
EndProject
Project("{FAE04EC0-301F-11D3-BF4B-00C04F79EFBC}") = "CH02.BinaryResources", "CH02.BinaryResources\CH02.BinaryResources.csproj", "{478175E3-B1D3-46AB-8C5F-1D7D0A3762D7}"
EndProject
Project("{FAE04EC0-301F-11D3-BF4B-00C04F79EFBC}") = "CH02.BinaryResourcesInCode", "CH02.BinaryResourcesInCode\CH02.BinaryResourcesInCode.csproj", "{A18EB91A-759F-4652-A784-5BD42DA26957}"
EndProject
Project("{FAE04EC0-301F-11D3-BF4B-00C04F79EFBC}") = "CH02.ClassLibraryResources", "CH02.ClassLibraryResources\CH02.ClassLibraryResources.csproj", "{782F9E5F-F5C1-4FE1-A4EA-100B345DA1FB}"
EndProject
Project("{FAE04EC0-301F-11D3-BF4B-00C04F79EFBC}") = "CH02.UsingLibraryResources", "CH02.UsingLibraryResources\CH02.UsingLibraryResources.csproj", "{ED20A41E-2569-40B7-A284-BDBD05877FF7}"
EndProject
Project("{FAE04EC0-301F-11D3-BF4B-00C04F79EFBC}") = "CH02.ManagingResources", "CH02.ManagingResources\CH02.ManagingResources.csproj", "{58806A34-3F45-4FBA-928B-47A7A78084E9}"
EndProject
Project("{FAE04EC0-301F-11D3-BF4B-00C04F79EFBC}") = "CH03.GridDemo", "CH03.GridDemo\CH03.GridDemo.csproj", "{59E2E7AF-E487-412A-9AE3-7BA789223A03}"
EndProject
Project("{FAE04EC0-301F-11D3-BF4B-00C04F79EFBC}") = "CH03.UniformGridLayout", "CH03.UniformGridLayout\CH03.UniformGridLayout.csproj", "{8D85A8F8-A630-4E1F-8397-968DC35D1DEE}"
EndProject
Project("{FAE04EC0-301F-11D3-BF4B-00C04F79EFBC}") = "CH03.DynamicGridSizing", "CH03.DynamicGridSizing\CH03.DynamicGridSizing.csproj", "{4B409BBD-CAEE-4C2E-91DE-4DF74B2518DF}"
EndProject
Project("{FAE04EC0-301F-11D3-BF4B-00C04F79EFBC}") = "CH03.ScrollDemo", "CH03.ScrollDemo\CH03.ScrollDemo.csproj", "{A805DAF3-F864-4AB2-97CC-C8A7E9A3DF89}"
EndProject
Project("{FAE04EC0-301F-11D3-BF4B-00C04F79EFBC}") = "CH03.BorderDemo", "CH03.BorderDemo\CH03.BorderDemo.csproj", "{154AB25F-D4DF-4866-9EBF-BB05DF7D9946}"
EndProject
Project("{FAE04EC0-301F-11D3-BF4B-00C04F79EFBC}") = "CH03.CanvasDemo", "CH03.CanvasDemo\CH03.CanvasDemo.csproj", "{BE8E25E4-F136-4F24-B887-A131E28B7721}"
EndProject
Project("{FAE04EC0-301F-11D3-BF4B-00C04F79EFBC}") = "CH03.PaintingCircles", "CH03.PaintingCircles\CH03.PaintingCircles.csproj", "{09DA90EB-A2B7-462C-A29F-199031BB4E01}"
EndProject
Project("{FAE04EC0-301F-11D3-BF4B-00C04F79EFBC}") = "CH03.SimpleTabs", "CH03.SimpleTabs\CH03.SimpleTabs.csproj", "{92920388-DF8C-4BBD-B478-A28EBBA473D8}"
EndProject
Project("{FAE04EC0-301F-11D3-BF4B-00C04F79EFBC}") = "CH03.ComplexTabs", "CH03.ComplexTabs\CH03.ComplexTabs.csproj", "{C925E351-4F42-44EA-BA41-F38A2AFFF29A}"
EndProject
Project("{FAE04EC0-301F-11D3-BF4B-00C04F79EFBC}") = "CH03.SimpleDragDrop", "CH03.SimpleDragDrop\CH03.SimpleDragDrop.csproj", "{1074FB0C-00B4-49EE-8215-2C374B0F606F}"
EndProject
Global
	GlobalSection(SolutionConfigurationPlatforms) = preSolution
		Debug|Any CPU = Debug|Any CPU
		Release|Any CPU = Release|Any CPU
	EndGlobalSection
	GlobalSection(ProjectConfigurationPlatforms) = postSolution
		{CEDA687A-C4EA-41B7-BD3B-0830E73955FD}.Debug|Any CPU.ActiveCfg = Debug|Any CPU
		{CEDA687A-C4EA-41B7-BD3B-0830E73955FD}.Debug|Any CPU.Build.0 = Debug|Any CPU
		{CEDA687A-C4EA-41B7-BD3B-0830E73955FD}.Release|Any CPU.ActiveCfg = Release|Any CPU
		{CEDA687A-C4EA-41B7-BD3B-0830E73955FD}.Release|Any CPU.Build.0 = Release|Any CPU
		{2DF7C5FB-11F0-456F-B2BE-19D624E2A5AE}.Debug|Any CPU.ActiveCfg = Debug|Any CPU
		{2DF7C5FB-11F0-456F-B2BE-19D624E2A5AE}.Debug|Any CPU.Build.0 = Debug|Any CPU
		{2DF7C5FB-11F0-456F-B2BE-19D624E2A5AE}.Release|Any CPU.ActiveCfg = Release|Any CPU
		{2DF7C5FB-11F0-456F-B2BE-19D624E2A5AE}.Release|Any CPU.Build.0 = Release|Any CPU
		{EF46DD90-D757-422B-8496-BA78A8BE7A6C}.Debug|Any CPU.ActiveCfg = Debug|Any CPU
		{EF46DD90-D757-422B-8496-BA78A8BE7A6C}.Debug|Any CPU.Build.0 = Debug|Any CPU
		{EF46DD90-D757-422B-8496-BA78A8BE7A6C}.Release|Any CPU.ActiveCfg = Release|Any CPU
		{EF46DD90-D757-422B-8496-BA78A8BE7A6C}.Release|Any CPU.Build.0 = Release|Any CPU
		{6B826DEB-6361-46E0-83E3-E69C7762D566}.Debug|Any CPU.ActiveCfg = Debug|Any CPU
		{6B826DEB-6361-46E0-83E3-E69C7762D566}.Debug|Any CPU.Build.0 = Debug|Any CPU
		{6B826DEB-6361-46E0-83E3-E69C7762D566}.Release|Any CPU.ActiveCfg = Release|Any CPU
		{6B826DEB-6361-46E0-83E3-E69C7762D566}.Release|Any CPU.Build.0 = Release|Any CPU
		{97BB210C-F06D-48BB-AF2C-21F506A72333}.Debug|Any CPU.ActiveCfg = Debug|Any CPU
		{97BB210C-F06D-48BB-AF2C-21F506A72333}.Debug|Any CPU.Build.0 = Debug|Any CPU
		{97BB210C-F06D-48BB-AF2C-21F506A72333}.Release|Any CPU.ActiveCfg = Release|Any CPU
		{97BB210C-F06D-48BB-AF2C-21F506A72333}.Release|Any CPU.Build.0 = Release|Any CPU
		{9A5127D9-9CA8-4116-A25A-B327350EDC59}.Debug|Any CPU.ActiveCfg = Debug|Any CPU
		{9A5127D9-9CA8-4116-A25A-B327350EDC59}.Debug|Any CPU.Build.0 = Debug|Any CPU
		{9A5127D9-9CA8-4116-A25A-B327350EDC59}.Release|Any CPU.ActiveCfg = Release|Any CPU
		{9A5127D9-9CA8-4116-A25A-B327350EDC59}.Release|Any CPU.Build.0 = Release|Any CPU
		{69361F3B-756A-4F84-882D-CCB213DB8D22}.Debug|Any CPU.ActiveCfg = Debug|Any CPU
		{69361F3B-756A-4F84-882D-CCB213DB8D22}.Debug|Any CPU.Build.0 = Debug|Any CPU
		{69361F3B-756A-4F84-882D-CCB213DB8D22}.Release|Any CPU.ActiveCfg = Release|Any CPU
		{69361F3B-756A-4F84-882D-CCB213DB8D22}.Release|Any CPU.Build.0 = Release|Any CPU
		{9F21940D-F4F5-4620-BC60-A8EBFA824AA4}.Debug|Any CPU.ActiveCfg = Debug|Any CPU
		{9F21940D-F4F5-4620-BC60-A8EBFA824AA4}.Debug|Any CPU.Build.0 = Debug|Any CPU
		{9F21940D-F4F5-4620-BC60-A8EBFA824AA4}.Release|Any CPU.ActiveCfg = Release|Any CPU
		{9F21940D-F4F5-4620-BC60-A8EBFA824AA4}.Release|Any CPU.Build.0 = Release|Any CPU
		{9DFC1335-2BDA-41C8-9148-666416F03C97}.Debug|Any CPU.ActiveCfg = Debug|Any CPU
		{9DFC1335-2BDA-41C8-9148-666416F03C97}.Debug|Any CPU.Build.0 = Debug|Any CPU
		{9DFC1335-2BDA-41C8-9148-666416F03C97}.Release|Any CPU.ActiveCfg = Release|Any CPU
		{9DFC1335-2BDA-41C8-9148-666416F03C97}.Release|Any CPU.Build.0 = Release|Any CPU
		{CC71818B-6F25-4D10-AF11-4E91E798B9EE}.Debug|Any CPU.ActiveCfg = Debug|Any CPU
		{CC71818B-6F25-4D10-AF11-4E91E798B9EE}.Debug|Any CPU.Build.0 = Debug|Any CPU
		{CC71818B-6F25-4D10-AF11-4E91E798B9EE}.Release|Any CPU.ActiveCfg = Release|Any CPU
		{CC71818B-6F25-4D10-AF11-4E91E798B9EE}.Release|Any CPU.Build.0 = Release|Any CPU
		{F9DCF45B-A6AD-40EC-9ABF-3D95BB5F2164}.Debug|Any CPU.ActiveCfg = Debug|Any CPU
		{F9DCF45B-A6AD-40EC-9ABF-3D95BB5F2164}.Debug|Any CPU.Build.0 = Debug|Any CPU
		{F9DCF45B-A6AD-40EC-9ABF-3D95BB5F2164}.Release|Any CPU.ActiveCfg = Release|Any CPU
		{F9DCF45B-A6AD-40EC-9ABF-3D95BB5F2164}.Release|Any CPU.Build.0 = Release|Any CPU
		{B74615E7-89E7-44A6-B36C-B49374343EDA}.Debug|Any CPU.ActiveCfg = Debug|Any CPU
		{B74615E7-89E7-44A6-B36C-B49374343EDA}.Debug|Any CPU.Build.0 = Debug|Any CPU
		{B74615E7-89E7-44A6-B36C-B49374343EDA}.Release|Any CPU.ActiveCfg = Release|Any CPU
		{B74615E7-89E7-44A6-B36C-B49374343EDA}.Release|Any CPU.Build.0 = Release|Any CPU
		{E072E17B-C6C5-40C6-89CA-C0283809B106}.Debug|Any CPU.ActiveCfg = Debug|Any CPU
		{E072E17B-C6C5-40C6-89CA-C0283809B106}.Debug|Any CPU.Build.0 = Debug|Any CPU
		{E072E17B-C6C5-40C6-89CA-C0283809B106}.Release|Any CPU.ActiveCfg = Release|Any CPU
		{E072E17B-C6C5-40C6-89CA-C0283809B106}.Release|Any CPU.Build.0 = Release|Any CPU
		{478175E3-B1D3-46AB-8C5F-1D7D0A3762D7}.Debug|Any CPU.ActiveCfg = Debug|Any CPU
		{478175E3-B1D3-46AB-8C5F-1D7D0A3762D7}.Debug|Any CPU.Build.0 = Debug|Any CPU
		{478175E3-B1D3-46AB-8C5F-1D7D0A3762D7}.Release|Any CPU.ActiveCfg = Release|Any CPU
		{478175E3-B1D3-46AB-8C5F-1D7D0A3762D7}.Release|Any CPU.Build.0 = Release|Any CPU
		{A18EB91A-759F-4652-A784-5BD42DA26957}.Debug|Any CPU.ActiveCfg = Debug|Any CPU
		{A18EB91A-759F-4652-A784-5BD42DA26957}.Debug|Any CPU.Build.0 = Debug|Any CPU
		{A18EB91A-759F-4652-A784-5BD42DA26957}.Release|Any CPU.ActiveCfg = Release|Any CPU
		{A18EB91A-759F-4652-A784-5BD42DA26957}.Release|Any CPU.Build.0 = Release|Any CPU
		{782F9E5F-F5C1-4FE1-A4EA-100B345DA1FB}.Debug|Any CPU.ActiveCfg = Debug|Any CPU
		{782F9E5F-F5C1-4FE1-A4EA-100B345DA1FB}.Debug|Any CPU.Build.0 = Debug|Any CPU
		{782F9E5F-F5C1-4FE1-A4EA-100B345DA1FB}.Release|Any CPU.ActiveCfg = Release|Any CPU
		{782F9E5F-F5C1-4FE1-A4EA-100B345DA1FB}.Release|Any CPU.Build.0 = Release|Any CPU
		{ED20A41E-2569-40B7-A284-BDBD05877FF7}.Debug|Any CPU.ActiveCfg = Debug|Any CPU
		{ED20A41E-2569-40B7-A284-BDBD05877FF7}.Debug|Any CPU.Build.0 = Debug|Any CPU
		{ED20A41E-2569-40B7-A284-BDBD05877FF7}.Release|Any CPU.ActiveCfg = Release|Any CPU
		{ED20A41E-2569-40B7-A284-BDBD05877FF7}.Release|Any CPU.Build.0 = Release|Any CPU
		{58806A34-3F45-4FBA-928B-47A7A78084E9}.Debug|Any CPU.ActiveCfg = Debug|Any CPU
		{58806A34-3F45-4FBA-928B-47A7A78084E9}.Debug|Any CPU.Build.0 = Debug|Any CPU
		{58806A34-3F45-4FBA-928B-47A7A78084E9}.Release|Any CPU.ActiveCfg = Release|Any CPU
		{58806A34-3F45-4FBA-928B-47A7A78084E9}.Release|Any CPU.Build.0 = Release|Any CPU
		{59E2E7AF-E487-412A-9AE3-7BA789223A03}.Debug|Any CPU.ActiveCfg = Debug|Any CPU
		{59E2E7AF-E487-412A-9AE3-7BA789223A03}.Debug|Any CPU.Build.0 = Debug|Any CPU
		{59E2E7AF-E487-412A-9AE3-7BA789223A03}.Release|Any CPU.ActiveCfg = Release|Any CPU
		{59E2E7AF-E487-412A-9AE3-7BA789223A03}.Release|Any CPU.Build.0 = Release|Any CPU
		{8D85A8F8-A630-4E1F-8397-968DC35D1DEE}.Debug|Any CPU.ActiveCfg = Debug|Any CPU
		{8D85A8F8-A630-4E1F-8397-968DC35D1DEE}.Debug|Any CPU.Build.0 = Debug|Any CPU
		{8D85A8F8-A630-4E1F-8397-968DC35D1DEE}.Release|Any CPU.ActiveCfg = Release|Any CPU
		{8D85A8F8-A630-4E1F-8397-968DC35D1DEE}.Release|Any CPU.Build.0 = Release|Any CPU
		{4B409BBD-CAEE-4C2E-91DE-4DF74B2518DF}.Debug|Any CPU.ActiveCfg = Debug|Any CPU
		{4B409BBD-CAEE-4C2E-91DE-4DF74B2518DF}.Debug|Any CPU.Build.0 = Debug|Any CPU
		{4B409BBD-CAEE-4C2E-91DE-4DF74B2518DF}.Release|Any CPU.ActiveCfg = Release|Any CPU
		{4B409BBD-CAEE-4C2E-91DE-4DF74B2518DF}.Release|Any CPU.Build.0 = Release|Any CPU
		{A805DAF3-F864-4AB2-97CC-C8A7E9A3DF89}.Debug|Any CPU.ActiveCfg = Debug|Any CPU
		{A805DAF3-F864-4AB2-97CC-C8A7E9A3DF89}.Debug|Any CPU.Build.0 = Debug|Any CPU
		{A805DAF3-F864-4AB2-97CC-C8A7E9A3DF89}.Release|Any CPU.ActiveCfg = Release|Any CPU
		{A805DAF3-F864-4AB2-97CC-C8A7E9A3DF89}.Release|Any CPU.Build.0 = Release|Any CPU
		{154AB25F-D4DF-4866-9EBF-BB05DF7D9946}.Debug|Any CPU.ActiveCfg = Debug|Any CPU
		{154AB25F-D4DF-4866-9EBF-BB05DF7D9946}.Debug|Any CPU.Build.0 = Debug|Any CPU
		{154AB25F-D4DF-4866-9EBF-BB05DF7D9946}.Release|Any CPU.ActiveCfg = Release|Any CPU
		{154AB25F-D4DF-4866-9EBF-BB05DF7D9946}.Release|Any CPU.Build.0 = Release|Any CPU
		{BE8E25E4-F136-4F24-B887-A131E28B7721}.Debug|Any CPU.ActiveCfg = Debug|Any CPU
		{BE8E25E4-F136-4F24-B887-A131E28B7721}.Debug|Any CPU.Build.0 = Debug|Any CPU
		{BE8E25E4-F136-4F24-B887-A131E28B7721}.Release|Any CPU.ActiveCfg = Release|Any CPU
		{BE8E25E4-F136-4F24-B887-A131E28B7721}.Release|Any CPU.Build.0 = Release|Any CPU
		{09DA90EB-A2B7-462C-A29F-199031BB4E01}.Debug|Any CPU.ActiveCfg = Debug|Any CPU
		{09DA90EB-A2B7-462C-A29F-199031BB4E01}.Debug|Any CPU.Build.0 = Debug|Any CPU
		{09DA90EB-A2B7-462C-A29F-199031BB4E01}.Release|Any CPU.ActiveCfg = Release|Any CPU
		{09DA90EB-A2B7-462C-A29F-199031BB4E01}.Release|Any CPU.Build.0 = Release|Any CPU
		{92920388-DF8C-4BBD-B478-A28EBBA473D8}.Debug|Any CPU.ActiveCfg = Debug|Any CPU
		{92920388-DF8C-4BBD-B478-A28EBBA473D8}.Debug|Any CPU.Build.0 = Debug|Any CPU
		{92920388-DF8C-4BBD-B478-A28EBBA473D8}.Release|Any CPU.ActiveCfg = Release|Any CPU
		{92920388-DF8C-4BBD-B478-A28EBBA473D8}.Release|Any CPU.Build.0 = Release|Any CPU
		{C925E351-4F42-44EA-BA41-F38A2AFFF29A}.Debug|Any CPU.ActiveCfg = Debug|Any CPU
		{C925E351-4F42-44EA-BA41-F38A2AFFF29A}.Debug|Any CPU.Build.0 = Debug|Any CPU
		{C925E351-4F42-44EA-BA41-F38A2AFFF29A}.Release|Any CPU.ActiveCfg = Release|Any CPU
		{C925E351-4F42-44EA-BA41-F38A2AFFF29A}.Release|Any CPU.Build.0 = Release|Any CPU
		{1074FB0C-00B4-49EE-8215-2C374B0F606F}.Debug|Any CPU.ActiveCfg = Debug|Any CPU
		{1074FB0C-00B4-49EE-8215-2C374B0F606F}.Debug|Any CPU.Build.0 = Debug|Any CPU
		{1074FB0C-00B4-49EE-8215-2C374B0F606F}.Release|Any CPU.ActiveCfg = Release|Any CPU
		{1074FB0C-00B4-49EE-8215-2C374B0F606F}.Release|Any CPU.Build.0 = Release|Any CPU
	EndGlobalSection
	GlobalSection(SolutionProperties) = preSolution
		HideSolutionNode = FALSE
	EndGlobalSection
EndGlobal
